<?xml version="1.0" encoding="utf-8"?>
<Project ToolsVersion="4.0" xmlns="http://schemas.microsoft.com/developer/msbuild/2003">
  <ItemGroup>
    <Filter Include="Source Files">
      <UniqueIdentifier>{4FC737F1-C7A5-4376-A066-2A32D752A2FF}</UniqueIdentifier>
      <Extensions>cpp;c;cc;cxx;def;odl;idl;hpj;bat;asm;asmx</Extensions>
    </Filter>
    <Filter Include="Header Files">
      <UniqueIdentifier>{93995380-89BD-4b04-88EB-625FBE52EBFB}</UniqueIdentifier>
      <Extensions>h;hh;hpp;hxx;hm;inl;inc;xsd</Extensions>
    </Filter>
    <Filter Include="Resource Files">
      <UniqueIdentifier>{D9D6E242-F8AF-46E4-B9FD-80ECBC20BA3E}</UniqueIdentifier>
      <Extensions>qrc;*</Extensions>
      <ParseFiles>false</ParseFiles>
    </Filter>
    <Filter Include="Form Files">
      <UniqueIdentifier>{99349809-55BA-4b9d-BF79-8FDBB0286EB3}</UniqueIdentifier>
      <Extensions>ui</Extensions>
    </Filter>
    <Filter Include="Resource Files">
      <UniqueIdentifier>{D9D6E242-F8AF-46E4-B9FD-80ECBC20BA3E}</UniqueIdentifier>
      <Extensions>qrc;*</Extensions>
      <ParseFiles>false</ParseFiles>
    </Filter>
    <Filter Include="Generated Files">
      <UniqueIdentifier>{71ED8ED8-ACB9-4CE9-BBE1-E00B30144E11}</UniqueIdentifier>
      <Extensions>moc;h;cpp</Extensions>
      <SourceControlFiles>False</SourceControlFiles>
    </Filter>
    <Filter Include="Maps">
      <UniqueIdentifier>{66b437ac-b25f-48f1-8487-d0125c7cb19f}</UniqueIdentifier>
    </Filter>
  </ItemGroup>
  <ItemGroup>
    <ClCompile Include="main.cpp">
      <Filter>Source Files</Filter>
    </ClCompile>
    <ClCompile Include="LianLianKan.cpp">
      <Filter>Source Files</Filter>
    </ClCompile>
    <ClCompile Include="Block.cpp">
      <Filter>Source Files</Filter>
    </ClCompile>
    <ClCompile Include="Lightning.cpp">
      <Filter>Source Files</Filter>
    </ClCompile>
    <ClCompile Include="BoomEffect.cpp">
      <Filter>Source Files</Filter>
    </ClCompile>
    <ClCompile Include="Map.cpp">
      <Filter>Source Files</Filter>
    </ClCompile>
  </ItemGroup>
  <ItemGroup>
    <QtMoc Include="LianLianKan.h">
      <Filter>Header Files</Filter>
    </QtMoc>
    <QtMoc Include="Block.h">
      <Filter>Header Files</Filter>
    </QtMoc>
    <QtMoc Include="Lightning.h">
      <Filter>Header Files</Filter>
    </QtMoc>
    <QtMoc Include="BoomEffect.h">
      <Filter>Header Files</Filter>
    </QtMoc>
  </ItemGroup>
  <ItemGroup>
    <QtUic Include="LianLianKan.ui">
      <Filter>Form Files</Filter>
    </QtUic>
  </ItemGroup>
  <ItemGroup>
    <QtRcc Include="LianLianKan.qrc">
      <Filter>Resource Files</Filter>
    </QtRcc>
  </ItemGroup>
  <ItemGroup>
    <ClInclude Include="Map.h">
      <Filter>Header Files</Filter>
    </ClInclude>
  </ItemGroup>
  <ItemGroup>
    <Text Include="Maps\Map1.txt">
      <Filter>Maps</Filter>
    </Text>
    <Text Include="Maps\Map2.txt">
      <Filter>Maps</Filter>
    </Text>
    <Text Include="Maps\Map3.txt">
      <Filter>Maps</Filter>
    </Text>
    <Text Include="Maps\Map4.txt">
      <Filter>Maps</Filter>
    </Text>
    <Text Include="Maps\Map5.txt">
      <Filter>Maps</Filter>
    </Text>
    <Text Include="Maps\Map6.txt">
      <Filter>Maps</Filter>
    </Text>
    <Text Include="Maps\Map7.txt">
      <Filter>Maps</Filter>
    </Text>
    <Text Include="Maps\Map8.txt">
      <Filter>Maps</Filter>
    </Text>
    <Text Include="Maps\Map9.txt">
      <Filter>Maps</Filter>
    </Text>
    <Text Include="Maps\Map10.txt">
      <Filter>Maps</Filter>
    </Text>
    <Text Include="Maps\Map11.txt">
      <Filter>Maps</Filter>
    </Text>
    <Text Include="Maps\Map12.txt">
      <Filter>Maps</Filter>
    </Text>
    <Text Include="Maps\Map13.txt">
      <Filter>Maps</Filter>
    </Text>
    <Text Include="Maps\Map14.txt">
      <Filter>Maps</Filter>
    </Text>
    <Text Include="Maps\Map15.txt">
      <Filter>Maps</Filter>
    </Text>
    <Text Include="Maps\Map16.txt">
      <Filter>Maps</Filter>
    </Text>
  </ItemGroup>
</Project>